
Microsoft Visual Studio Solution File, Format Version 12.00
# Visual Studio Version 16
VisualStudioVersion = 16.0.31624.102
MinimumVisualStudioVersion = 10.0.40219.1
Project("{FAE04EC0-301F-11D3-BF4B-00C04F79EFBC}") = "Portfolio", "Portfolio\Portfolio.csproj", "{D94C0F74-8161-4219-AA47-10FA5BCD057B}"
EndProject
Global
	GlobalSection(SolutionConfigurationPlatforms) = preSolution
		Debug|Any CPU = Debug|Any CPU
		Release|Any CPU = Release|Any CPU
	EndGlobalSection
	GlobalSection(ProjectConfigurationPlatforms) = postSolution
		{D94C0F74-8161-4219-AA47-10FA5BCD057B}.Debug|Any CPU.ActiveCfg = Debug|Any CPU
		{D94C0F74-8161-4219-AA47-10FA5BCD057B}.Debug|Any CPU.Build.0 = Debug|Any CPU
		{D94C0F74-8161-4219-AA47-10FA5BCD057B}.Release|Any CPU.ActiveCfg = Release|Any CPU
		{D94C0F74-8161-4219-AA47-10FA5BCD057B}.Release|Any CPU.Build.0 = Release|Any CPU
	EndGlobalSection
	GlobalSection(SolutionProperties) = preSolution
		HideSolutionNode = FALSE
	EndGlobalSection
	GlobalSection(ExtensibilityGlobals) = postSolution
		SolutionGuid = {CEFDD883-5CF2-493E-A4A1-561BCAE928D4}
	EndGlobalSection
EndGlobal
